// !$*UTF8*$!
{
	archiveVersion = 1;
	classes = {
	};
	objectVersion = 50;
	objects = {

/* Begin PBXBuildFile section */
		1158CF9221CD484D00BFA724 /* AppDelegate.m in Sources */ = {isa = PBXBuildFile; fileRef = 1158CF9121CD484D00BFA724 /* AppDelegate.m */; };
		1158CF9521CD484D00BFA724 /* ViewController.m in Sources */ = {isa = PBXBuildFile; fileRef = 1158CF9421CD484D00BFA724 /* ViewController.m */; };
		1158CF9821CD484D00BFA724 /* Main.storyboard in Resources */ = {isa = PBXBuildFile; fileRef = 1158CF9621CD484D00BFA724 /* Main.storyboard */; };
		1158CF9A21CD484F00BFA724 /* Assets.xcassets in Resources */ = {isa = PBXBuildFile; fileRef = 1158CF9921CD484F00BFA724 /* Assets.xcassets */; };
		1158CF9D21CD484F00BFA724 /* LaunchScreen.storyboard in Resources */ = {isa = PBXBuildFile; fileRef = 1158CF9B21CD484F00BFA724 /* LaunchScreen.storyboard */; };
		1158CFA021CD484F00BFA724 /* main.m in Sources */ = {isa = PBXBuildFile; fileRef = 1158CF9F21CD484F00BFA724 /* main.m */; };
		1158CFB121CD50A700BFA724 /* QueueTests.m in Sources */ = {isa = PBXBuildFile; fileRef = 1158CFB021CD50A700BFA724 /* QueueTests.m */; };
		1158CFB921CE4B9A00BFA724 /* SourceTest.m in Sources */ = {isa = PBXBuildFile; fileRef = 1158CFB821CE4B9A00BFA724 /* SourceTest.m */; };
		1158CFE621CF592B00BFA724 /* LockTest.m in Sources */ = {isa = PBXBuildFile; fileRef = 1158CFE521CF592B00BFA724 /* LockTest.m */; };
		11C7FB9821CF8D63007C4603 /* GroupTest.m in Sources */ = {isa = PBXBuildFile; fileRef = 11C7FB9721CF8D63007C4603 /* GroupTest.m */; };
		86AEC83024235811000AA60F /* NSConditionTest.m in Sources */ = {isa = PBXBuildFile; fileRef = 86AEC82F24235811000AA60F /* NSConditionTest.m */; };
		86AEC83424235E5B000AA60F /* NSConditionLockTest.m in Sources */ = {isa = PBXBuildFile; fileRef = 86AEC83324235E5B000AA60F /* NSConditionLockTest.m */; };
		86AEC83724235FD8000AA60F /* SynchronizedTest.m in Sources */ = {isa = PBXBuildFile; fileRef = 86AEC83624235FD8000AA60F /* SynchronizedTest.m */; };
		86AEC83A2423643B000AA60F /* NSLockTest.m in Sources */ = {isa = PBXBuildFile; fileRef = 86AEC8392423643B000AA60F /* NSLockTest.m */; };
		86AEC83D2423691B000AA60F /* PThreadTest.m in Sources */ = {isa = PBXBuildFile; fileRef = 86AEC83C2423691B000AA60F /* PThreadTest.m */; };
		86AEC84024236D76000AA60F /* NSRecursiveLockTest.m in Sources */ = {isa = PBXBuildFile; fileRef = 86AEC83F24236D76000AA60F /* NSRecursiveLockTest.m */; };
		86AEC843242370E5000AA60F /* SemaphoreTest.m in Sources */ = {isa = PBXBuildFile; fileRef = 86AEC842242370E5000AA60F /* SemaphoreTest.m */; };
		86AEC8462423721B000AA60F /* DispatchGroupTest.m in Sources */ = {isa = PBXBuildFile; fileRef = 86AEC8452423721B000AA60F /* DispatchGroupTest.m */; };
		86AEC849242374A8000AA60F /* DispatchQueueTest.m in Sources */ = {isa = PBXBuildFile; fileRef = 86AEC848242374A8000AA60F /* DispatchQueueTest.m */; };
		86AEC84C242384FC000AA60F /* DispatchSourceTest.m in Sources */ = {isa = PBXBuildFile; fileRef = 86AEC84B242384FC000AA60F /* DispatchSourceTest.m */; };
		86AEC84F24238573000AA60F /* SpinLockTest.m in Sources */ = {isa = PBXBuildFile; fileRef = 86AEC84E24238573000AA60F /* SpinLockTest.m */; };
/* End PBXBuildFile section */

/* Begin PBXContainerItemProxy section */
		1158CFB321CD50A700BFA724 /* PBXContainerItemProxy */ = {
			isa = PBXContainerItemProxy;
			containerPortal = 1158CF8521CD484D00BFA724 /* Project object */;
			proxyType = 1;
			remoteGlobalIDString = 1158CF8C21CD484D00BFA724;
			remoteInfo = Queue;
		};
/* End PBXContainerItemProxy section */

/* Begin PBXFileReference section */
		1158CF8D21CD484D00BFA724 /* Queue.app */ = {isa = PBXFileReference; explicitFileType = wrapper.application; includeInIndex = 0; path = Queue.app; sourceTree = BUILT_PRODUCTS_DIR; };
		1158CF9021CD484D00BFA724 /* AppDelegate.h */ = {isa = PBXFileReference; lastKnownFileType = sourcecode.c.h; path = AppDelegate.h; sourceTree = "<group>"; };
		1158CF9121CD484D00BFA724 /* AppDelegate.m */ = {isa = PBXFileReference; lastKnownFileType = sourcecode.c.objc; path = AppDelegate.m; sourceTree = "<group>"; };
		1158CF9321CD484D00BFA724 /* ViewController.h */ = {isa = PBXFileReference; lastKnownFileType = sourcecode.c.h; path = ViewController.h; sourceTree = "<group>"; };
		1158CF9421CD484D00BFA724 /* ViewController.m */ = {isa = PBXFileReference; lastKnownFileType = sourcecode.c.objc; path = ViewController.m; sourceTree = "<group>"; };
		1158CF9721CD484D00BFA724 /* Base */ = {isa = PBXFileReference; lastKnownFileType = file.storyboard; name = Base; path = Base.lproj/Main.storyboard; sourceTree = "<group>"; };
		1158CF9921CD484F00BFA724 /* Assets.xcassets */ = {isa = PBXFileReference; lastKnownFileType = folder.assetcatalog; path = Assets.xcassets; sourceTree = "<group>"; };
		1158CF9C21CD484F00BFA724 /* Base */ = {isa = PBXFileReference; lastKnownFileType = file.storyboard; name = Base; path = Base.lproj/LaunchScreen.storyboard; sourceTree = "<group>"; };
		1158CF9E21CD484F00BFA724 /* Info.plist */ = {isa = PBXFileReference; lastKnownFileType = text.plist.xml; path = Info.plist; sourceTree = "<group>"; };
		1158CF9F21CD484F00BFA724 /* main.m */ = {isa = PBXFileReference; lastKnownFileType = sourcecode.c.objc; path = main.m; sourceTree = "<group>"; };
		1158CFAE21CD50A700BFA724 /* QueueTests.xctest */ = {isa = PBXFileReference; explicitFileType = wrapper.cfbundle; includeInIndex = 0; path = QueueTests.xctest; sourceTree = BUILT_PRODUCTS_DIR; };
		1158CFB021CD50A700BFA724 /* QueueTests.m */ = {isa = PBXFileReference; lastKnownFileType = sourcecode.c.objc; path = QueueTests.m; sourceTree = "<group>"; };
		1158CFB221CD50A700BFA724 /* Info.plist */ = {isa = PBXFileReference; lastKnownFileType = text.plist.xml; path = Info.plist; sourceTree = "<group>"; };
		1158CFB821CE4B9A00BFA724 /* SourceTest.m */ = {isa = PBXFileReference; lastKnownFileType = sourcecode.c.objc; path = SourceTest.m; sourceTree = "<group>"; };
		1158CFE521CF592B00BFA724 /* LockTest.m */ = {isa = PBXFileReference; lastKnownFileType = sourcecode.c.objc; path = LockTest.m; sourceTree = "<group>"; };
		11C7FB9721CF8D63007C4603 /* GroupTest.m */ = {isa = PBXFileReference; lastKnownFileType = sourcecode.c.objc; path = GroupTest.m; sourceTree = "<group>"; };
		86AEC82E24235811000AA60F /* NSConditionTest.h */ = {isa = PBXFileReference; lastKnownFileType = sourcecode.c.h; path = NSConditionTest.h; sourceTree = "<group>"; };
		86AEC82F24235811000AA60F /* NSConditionTest.m */ = {isa = PBXFileReference; lastKnownFileType = sourcecode.c.objc; path = NSConditionTest.m; sourceTree = "<group>"; };
		86AEC83224235E5B000AA60F /* NSConditionLockTest.h */ = {isa = PBXFileReference; lastKnownFileType = sourcecode.c.h; path = NSConditionLockTest.h; sourceTree = "<group>"; };
		86AEC83324235E5B000AA60F /* NSConditionLockTest.m */ = {isa = PBXFileReference; lastKnownFileType = sourcecode.c.objc; path = NSConditionLockTest.m; sourceTree = "<group>"; };
		86AEC83524235FD8000AA60F /* SynchronizedTest.h */ = {isa = PBXFileReference; lastKnownFileType = sourcecode.c.h; path = SynchronizedTest.h; sourceTree = "<group>"; };
		86AEC83624235FD8000AA60F /* SynchronizedTest.m */ = {isa = PBXFileReference; lastKnownFileType = sourcecode.c.objc; path = SynchronizedTest.m; sourceTree = "<group>"; };
		86AEC8382423643B000AA60F /* NSLockTest.h */ = {isa = PBXFileReference; lastKnownFileType = sourcecode.c.h; path = NSLockTest.h; sourceTree = "<group>"; };
		86AEC8392423643B000AA60F /* NSLockTest.m */ = {isa = PBXFileReference; lastKnownFileType = sourcecode.c.objc; path = NSLockTest.m; sourceTree = "<group>"; };
		86AEC83B2423691B000AA60F /* PThreadTest.h */ = {isa = PBXFileReference; lastKnownFileType = sourcecode.c.h; path = PThreadTest.h; sourceTree = "<group>"; };
		86AEC83C2423691B000AA60F /* PThreadTest.m */ = {isa = PBXFileReference; lastKnownFileType = sourcecode.c.objc; path = PThreadTest.m; sourceTree = "<group>"; };
		86AEC83E24236D76000AA60F /* NSRecursiveLockTest.h */ = {isa = PBXFileReference; lastKnownFileType = sourcecode.c.h; path = NSRecursiveLockTest.h; sourceTree = "<group>"; };
		86AEC83F24236D76000AA60F /* NSRecursiveLockTest.m */ = {isa = PBXFileReference; lastKnownFileType = sourcecode.c.objc; path = NSRecursiveLockTest.m; sourceTree = "<group>"; };
		86AEC841242370E5000AA60F /* SemaphoreTest.h */ = {isa = PBXFileReference; lastKnownFileType = sourcecode.c.h; path = SemaphoreTest.h; sourceTree = "<group>"; };
		86AEC842242370E5000AA60F /* SemaphoreTest.m */ = {isa = PBXFileReference; lastKnownFileType = sourcecode.c.objc; path = SemaphoreTest.m; sourceTree = "<group>"; };
		86AEC8442423721B000AA60F /* DispatchGroupTest.h */ = {isa = PBXFileReference; lastKnownFileType = sourcecode.c.h; path = DispatchGroupTest.h; sourceTree = "<group>"; };
		86AEC8452423721B000AA60F /* DispatchGroupTest.m */ = {isa = PBXFileReference; lastKnownFileType = sourcecode.c.objc; path = DispatchGroupTest.m; sourceTree = "<group>"; };
		86AEC847242374A8000AA60F /* DispatchQueueTest.h */ = {isa = PBXFileReference; lastKnownFileType = sourcecode.c.h; path = DispatchQueueTest.h; sourceTree = "<group>"; };
		86AEC848242374A8000AA60F /* DispatchQueueTest.m */ = {isa = PBXFileReference; lastKnownFileType = sourcecode.c.objc; path = DispatchQueueTest.m; sourceTree = "<group>"; };
		86AEC84A242384FC000AA60F /* DispatchSourceTest.h */ = {isa = PBXFileReference; lastKnownFileType = sourcecode.c.h; path = DispatchSourceTest.h; sourceTree = "<group>"; };
		86AEC84B242384FC000AA60F /* DispatchSourceTest.m */ = {isa = PBXFileReference; lastKnownFileType = sourcecode.c.objc; path = DispatchSourceTest.m; sourceTree = "<group>"; };
		86AEC84D24238573000AA60F /* SpinLockTest.h */ = {isa = PBXFileReference; lastKnownFileType = sourcecode.c.h; path = SpinLockTest.h; sourceTree = "<group>"; };
		86AEC84E24238573000AA60F /* SpinLockTest.m */ = {isa = PBXFileReference; lastKnownFileType = sourcecode.c.objc; path = SpinLockTest.m; sourceTree = "<group>"; };
/* End PBXFileReference section */

/* Begin PBXFrameworksBuildPhase section */
		1158CF8A21CD484D00BFA724 /* Frameworks */ = {
			isa = PBXFrameworksBuildPhase;
			buildActionMask = 2147483647;
			files = (
			);
			runOnlyForDeploymentPostprocessing = 0;
		};
		1158CFAB21CD50A700BFA724 /* Frameworks */ = {
			isa = PBXFrameworksBuildPhase;
			buildActionMask = 2147483647;
			files = (
			);
			runOnlyForDeploymentPostprocessing = 0;
		};
/* End PBXFrameworksBuildPhase section */

/* Begin PBXGroup section */
		1158CF8421CD484D00BFA724 = {
			isa = PBXGroup;
			children = (
				1158CF8F21CD484D00BFA724 /* Queue */,
				1158CFAF21CD50A700BFA724 /* QueueTests */,
				1158CF8E21CD484D00BFA724 /* Products */,
			);
			sourceTree = "<group>";
		};
		1158CF8E21CD484D00BFA724 /* Products */ = {
			isa = PBXGroup;
			children = (
				1158CF8D21CD484D00BFA724 /* Queue.app */,
				1158CFAE21CD50A700BFA724 /* QueueTests.xctest */,
			);
			name = Products;
			sourceTree = "<group>";
		};
		1158CF8F21CD484D00BFA724 /* Queue */ = {
			isa = PBXGroup;
			children = (
				86AEC8312423599C000AA60F /* classes */,
				1158CF9021CD484D00BFA724 /* AppDelegate.h */,
				1158CF9121CD484D00BFA724 /* AppDelegate.m */,
				1158CF9321CD484D00BFA724 /* ViewController.h */,
				1158CF9421CD484D00BFA724 /* ViewController.m */,
				1158CF9621CD484D00BFA724 /* Main.storyboard */,
				1158CF9921CD484F00BFA724 /* Assets.xcassets */,
				1158CF9B21CD484F00BFA724 /* LaunchScreen.storyboard */,
				1158CF9E21CD484F00BFA724 /* Info.plist */,
				1158CF9F21CD484F00BFA724 /* main.m */,
			);
			path = Queue;
			sourceTree = "<group>";
		};
		1158CFAF21CD50A700BFA724 /* QueueTests */ = {
			isa = PBXGroup;
			children = (
				1158CFB021CD50A700BFA724 /* QueueTests.m */,
				1158CFB221CD50A700BFA724 /* Info.plist */,
				1158CFB821CE4B9A00BFA724 /* SourceTest.m */,
				1158CFE521CF592B00BFA724 /* LockTest.m */,
				11C7FB9721CF8D63007C4603 /* GroupTest.m */,
			);
			path = QueueTests;
			sourceTree = "<group>";
		};
		86AEC8312423599C000AA60F /* classes */ = {
			isa = PBXGroup;
			children = (
				86AEC82E24235811000AA60F /* NSConditionTest.h */,
				86AEC82F24235811000AA60F /* NSConditionTest.m */,
				86AEC83224235E5B000AA60F /* NSConditionLockTest.h */,
				86AEC83324235E5B000AA60F /* NSConditionLockTest.m */,
				86AEC83524235FD8000AA60F /* SynchronizedTest.h */,
				86AEC83624235FD8000AA60F /* SynchronizedTest.m */,
				86AEC8382423643B000AA60F /* NSLockTest.h */,
				86AEC8392423643B000AA60F /* NSLockTest.m */,
				86AEC83B2423691B000AA60F /* PThreadTest.h */,
				86AEC83C2423691B000AA60F /* PThreadTest.m */,
				86AEC83E24236D76000AA60F /* NSRecursiveLockTest.h */,
				86AEC83F24236D76000AA60F /* NSRecursiveLockTest.m */,
				86AEC841242370E5000AA60F /* SemaphoreTest.h */,
				86AEC842242370E5000AA60F /* SemaphoreTest.m */,
				86AEC8442423721B000AA60F /* DispatchGroupTest.h */,
				86AEC8452423721B000AA60F /* DispatchGroupTest.m */,
				86AEC847242374A8000AA60F /* DispatchQueueTest.h */,
				86AEC848242374A8000AA60F /* DispatchQueueTest.m */,
				86AEC84A242384FC000AA60F /* DispatchSourceTest.h */,
				86AEC84B242384FC000AA60F /* DispatchSourceTest.m */,
				86AEC84D24238573000AA60F /* SpinLockTest.h */,
				86AEC84E24238573000AA60F /* SpinLockTest.m */,
			);
			path = classes;
			sourceTree = "<group>";
		};
/* End PBXGroup section */

/* Begin PBXNativeTarget section */
		1158CF8C21CD484D00BFA724 /* Queue */ = {
			isa = PBXNativeTarget;
			buildConfigurationList = 1158CFA321CD484F00BFA724 /* Build configuration list for PBXNativeTarget "Queue" */;
			buildPhases = (
				1158CF8921CD484D00BFA724 /* Sources */,
				1158CF8A21CD484D00BFA724 /* Frameworks */,
				1158CF8B21CD484D00BFA724 /* Resources */,
			);
			buildRules = (
			);
			dependencies = (
			);
			name = Queue;
			productName = Queue;
			productReference = 1158CF8D21CD484D00BFA724 /* Queue.app */;
			productType = "com.apple.product-type.application";
		};
		1158CFAD21CD50A700BFA724 /* QueueTests */ = {
			isa = PBXNativeTarget;
			buildConfigurationList = 1158CFB521CD50A700BFA724 /* Build configuration list for PBXNativeTarget "QueueTests" */;
			buildPhases = (
				1158CFAA21CD50A700BFA724 /* Sources */,
				1158CFAB21CD50A700BFA724 /* Frameworks */,
				1158CFAC21CD50A700BFA724 /* Resources */,
			);
			buildRules = (
			);
			dependencies = (
				1158CFB421CD50A700BFA724 /* PBXTargetDependency */,
			);
			name = QueueTests;
			productName = QueueTests;
			productReference = 1158CFAE21CD50A700BFA724 /* QueueTests.xctest */;
			productType = "com.apple.product-type.bundle.unit-test";
		};
/* End PBXNativeTarget section */

/* Begin PBXProject section */
		1158CF8521CD484D00BFA724 /* Project object */ = {
			isa = PBXProject;
			attributes = {
				LastUpgradeCheck = 1010;
				ORGANIZATIONNAME = "姚晓丙";
				TargetAttributes = {
					1158CF8C21CD484D00BFA724 = {
						CreatedOnToolsVersion = 10.1;
					};
					1158CFAD21CD50A700BFA724 = {
						CreatedOnToolsVersion = 10.1;
						TestTargetID = 1158CF8C21CD484D00BFA724;
					};
				};
			};
			buildConfigurationList = 1158CF8821CD484D00BFA724 /* Build configuration list for PBXProject "Queue" */;
			compatibilityVersion = "Xcode 9.3";
			developmentRegion = en;
			hasScannedForEncodings = 0;
			knownRegions = (
				en,
				Base,
			);
			mainGroup = 1158CF8421CD484D00BFA724;
			productRefGroup = 1158CF8E21CD484D00BFA724 /* Products */;
			projectDirPath = "";
			projectRoot = "";
			targets = (
				1158CF8C21CD484D00BFA724 /* Queue */,
				1158CFAD21CD50A700BFA724 /* QueueTests */,
			);
		};
/* End PBXProject section */

/* Begin PBXResourcesBuildPhase section */
		1158CF8B21CD484D00BFA724 /* Resources */ = {
			isa = PBXResourcesBuildPhase;
			buildActionMask = 2147483647;
			files = (
				1158CF9D21CD484F00BFA724 /* LaunchScreen.storyboard in Resources */,
				1158CF9A21CD484F00BFA724 /* Assets.xcassets in Resources */,
				1158CF9821CD484D00BFA724 /* Main.storyboard in Resources */,
			);
			runOnlyForDeploymentPostprocessing = 0;
		};
		1158CFAC21CD50A700BFA724 /* Resources */ = {
			isa = PBXResourcesBuildPhase;
			buildActionMask = 2147483647;
			files = (
			);
			runOnlyForDeploymentPostprocessing = 0;
		};
/* End PBXResourcesBuildPhase section */

/* Begin PBXSourcesBuildPhase section */
		1158CF8921CD484D00BFA724 /* Sources */ = {
			isa = PBXSourcesBuildPhase;
			buildActionMask = 2147483647;
			files = (
				86AEC84F24238573000AA60F /* SpinLockTest.m in Sources */,
				86AEC83024235811000AA60F /* NSConditionTest.m in Sources */,
				86AEC83A2423643B000AA60F /* NSLockTest.m in Sources */,
				1158CF9521CD484D00BFA724 /* ViewController.m in Sources */,
				86AEC8462423721B000AA60F /* DispatchGroupTest.m in Sources */,
				1158CFA021CD484F00BFA724 /* main.m in Sources */,
				86AEC83D2423691B000AA60F /* PThreadTest.m in Sources */,
				86AEC83424235E5B000AA60F /* NSConditionLockTest.m in Sources */,
				86AEC843242370E5000AA60F /* SemaphoreTest.m in Sources */,
				1158CF9221CD484D00BFA724 /* AppDelegate.m in Sources */,
				86AEC84C242384FC000AA60F /* DispatchSourceTest.m in Sources */,
				86AEC84024236D76000AA60F /* NSRecursiveLockTest.m in Sources */,
				86AEC849242374A8000AA60F /* DispatchQueueTest.m in Sources */,
				86AEC83724235FD8000AA60F /* SynchronizedTest.m in Sources */,
			);
			runOnlyForDeploymentPostprocessing = 0;
		};
		1158CFAA21CD50A700BFA724 /* Sources */ = {
			isa = PBXSourcesBuildPhase;
			buildActionMask = 2147483647;
			files = (
				1158CFB921CE4B9A00BFA724 /* SourceTest.m in Sources */,
				1158CFE621CF592B00BFA724 /* LockTest.m in Sources */,
				1158CFB121CD50A700BFA724 /* QueueTests.m in Sources */,
				11C7FB9821CF8D63007C4603 /* GroupTest.m in Sources */,
			);
			runOnlyForDeploymentPostprocessing = 0;
		};
/* End PBXSourcesBuildPhase section */

/* Begin PBXTargetDependency section */
		1158CFB421CD50A700BFA724 /* PBXTargetDependency */ = {
			isa = PBXTargetDependency;
			target = 1158CF8C21CD484D00BFA724 /* Queue */;
			targetProxy = 1158CFB321CD50A700BFA724 /* PBXContainerItemProxy */;
		};
/* End PBXTargetDependency section */

/* Begin PBXVariantGroup section */
		1158CF9621CD484D00BFA724 /* Main.storyboard */ = {
			isa = PBXVariantGroup;
			children = (
				1158CF9721CD484D00BFA724 /* Base */,
			);
			name = Main.storyboard;
			sourceTree = "<group>";
		};
		1158CF9B21CD484F00BFA724 /* LaunchScreen.storyboard */ = {
			isa = PBXVariantGroup;
			children = (
				1158CF9C21CD484F00BFA724 /* Base */,
			);
			name = LaunchScreen.storyboard;
			sourceTree = "<group>";
		};
/* End PBXVariantGroup section */

/* Begin XCBuildConfiguration section */
		1158CFA121CD484F00BFA724 /* Debug */ = {
			isa = XCBuildConfiguration;
			buildSettings = {
				ALWAYS_SEARCH_USER_PATHS = NO;
				CLANG_ANALYZER_NONNULL = YES;
				CLANG_ANALYZER_NUMBER_OBJECT_CONVERSION = YES_AGGRESSIVE;
				CLANG_CXX_LANGUAGE_STANDARD = "gnu++14";
				CLANG_CXX_LIBRARY = "libc++";
				CLANG_ENABLE_MODULES = YES;
				CLANG_ENABLE_OBJC_ARC = YES;
				CLANG_ENABLE_OBJC_WEAK = YES;
				CLANG_WARN_BLOCK_CAPTURE_AUTORELEASING = YES;
				CLANG_WARN_BOOL_CONVERSION = YES;
				CLANG_WARN_COMMA = YES;
				CLANG_WARN_CONSTANT_CONVERSION = YES;
				CLANG_WARN_DEPRECATED_OBJC_IMPLEMENTATIONS = YES;
				CLANG_WARN_DIRECT_OBJC_ISA_USAGE = YES_ERROR;
				CLANG_WARN_DOCUMENTATION_COMMENTS = YES;
				CLANG_WARN_EMPTY_BODY = YES;
				CLANG_WARN_ENUM_CONVERSION = YES;
				CLANG_WARN_INFINITE_RECURSION = YES;
				CLANG_WARN_INT_CONVERSION = YES;
				CLANG_WARN_NON_LITERAL_NULL_CONVERSION = YES;
				CLANG_WARN_OBJC_IMPLICIT_RETAIN_SELF = YES;
				CLANG_WARN_OBJC_LITERAL_CONVERSION = YES;
				CLANG_WARN_OBJC_ROOT_CLASS = YES_ERROR;
				CLANG_WARN_RANGE_LOOP_ANALYSIS = YES;
				CLANG_WARN_STRICT_PROTOTYPES = YES;
				CLANG_WARN_SUSPICIOUS_MOVE = YES;
				CLANG_WARN_UNGUARDED_AVAILABILITY = YES_AGGRESSIVE;
				CLANG_WARN_UNREACHABLE_CODE = YES;
				CLANG_WARN__DUPLICATE_METHOD_MATCH = YES;
				CODE_SIGN_IDENTITY = "iPhone Developer";
				COPY_PHASE_STRIP = NO;
				DEBUG_INFORMATION_FORMAT = dwarf;
				ENABLE_STRICT_OBJC_MSGSEND = YES;
				ENABLE_TESTABILITY = YES;
				GCC_C_LANGUAGE_STANDARD = gnu11;
				GCC_DYNAMIC_NO_PIC = NO;
				GCC_NO_COMMON_BLOCKS = YES;
				GCC_OPTIMIZATION_LEVEL = 0;
				GCC_PREPROCESSOR_DEFINITIONS = (
					"DEBUG=1",
					"$(inherited)",
				);
				GCC_WARN_64_TO_32_BIT_CONVERSION = YES;
				GCC_WARN_ABOUT_RETURN_TYPE = YES_ERROR;
				GCC_WARN_UNDECLARED_SELECTOR = YES;
				GCC_WARN_UNINITIALIZED_AUTOS = YES_AGGRESSIVE;
				GCC_WARN_UNUSED_FUNCTION = YES;
				GCC_WARN_UNUSED_VARIABLE = YES;
				IPHONEOS_DEPLOYMENT_TARGET = 12.1;
				MTL_ENABLE_DEBUG_INFO = INCLUDE_SOURCE;
				MTL_FAST_MATH = YES;
				ONLY_ACTIVE_ARCH = YES;
				SDKROOT = iphoneos;
			};
			name = Debug;
		};
		1158CFA221CD484F00BFA724 /* Release */ = {
			isa = XCBuildConfiguration;
			buildSettings = {
				ALWAYS_SEARCH_USER_PATHS = NO;
				CLANG_ANALYZER_NONNULL = YES;
				CLANG_ANALYZER_NUMBER_OBJECT_CONVERSION = YES_AGGRESSIVE;
				CLANG_CXX_LANGUAGE_STANDARD = "gnu++14";
				CLANG_CXX_LIBRARY = "libc++";
				CLANG_ENABLE_MODULES = YES;
				CLANG_ENABLE_OBJC_ARC = YES;
				CLANG_ENABLE_OBJC_WEAK = YES;
				CLANG_WARN_BLOCK_CAPTURE_AUTORELEASING = YES;
				CLANG_WARN_BOOL_CONVERSION = YES;
				CLANG_WARN_COMMA = YES;
				CLANG_WARN_CONSTANT_CONVERSION = YES;
				CLANG_WARN_DEPRECATED_OBJC_IMPLEMENTATIONS = YES;
				CLANG_WARN_DIRECT_OBJC_ISA_USAGE = YES_ERROR;
				CLANG_WARN_DOCUMENTATION_COMMENTS = YES;
				CLANG_WARN_EMPTY_BODY = YES;
				CLANG_WARN_ENUM_CONVERSION = YES;
				CLANG_WARN_INFINITE_RECURSION = YES;
				CLANG_WARN_INT_CONVERSION = YES;
				CLANG_WARN_NON_LITERAL_NULL_CONVERSION = YES;
				CLANG_WARN_OBJC_IMPLICIT_RETAIN_SELF = YES;
				CLANG_WARN_OBJC_LITERAL_CONVERSION = YES;
				CLANG_WARN_OBJC_ROOT_CLASS = YES_ERROR;
				CLANG_WARN_RANGE_LOOP_ANALYSIS = YES;
				CLANG_WARN_STRICT_PROTOTYPES = YES;
				CLANG_WARN_SUSPICIOUS_MOVE = YES;
				CLANG_WARN_UNGUARDED_AVAILABILITY = YES_AGGRESSIVE;
				CLANG_WARN_UNREACHABLE_CODE = YES;
				CLANG_WARN__DUPLICATE_METHOD_MATCH = YES;
				CODE_SIGN_IDENTITY = "iPhone Developer";
				COPY_PHASE_STRIP = NO;
				DEBUG_INFORMATION_FORMAT = "dwarf-with-dsym";
				ENABLE_NS_ASSERTIONS = NO;
				ENABLE_STRICT_OBJC_MSGSEND = YES;
				GCC_C_LANGUAGE_STANDARD = gnu11;
				GCC_NO_COMMON_BLOCKS = YES;
				GCC_WARN_64_TO_32_BIT_CONVERSION = YES;
				GCC_WARN_ABOUT_RETURN_TYPE = YES_ERROR;
				GCC_WARN_UNDECLARED_SELECTOR = YES;
				GCC_WARN_UNINITIALIZED_AUTOS = YES_AGGRESSIVE;
				GCC_WARN_UNUSED_FUNCTION = YES;
				GCC_WARN_UNUSED_VARIABLE = YES;
				IPHONEOS_DEPLOYMENT_TARGET = 12.1;
				MTL_ENABLE_DEBUG_INFO = NO;
				MTL_FAST_MATH = YES;
				SDKROOT = iphoneos;
				VALIDATE_PRODUCT = YES;
			};
			name = Release;
		};
		1158CFA421CD484F00BFA724 /* Debug */ = {
			isa = XCBuildConfiguration;
			buildSettings = {
				ASSETCATALOG_COMPILER_APPICON_NAME = AppIcon;
				CODE_SIGN_STYLE = Automatic;
				INFOPLIST_FILE = Queue/Info.plist;
				LD_RUNPATH_SEARCH_PATHS = (
					"$(inherited)",
					"@executable_path/Frameworks",
				);
				PRODUCT_BUNDLE_IDENTIFIER = com.bing.Queue;
				PRODUCT_NAME = "$(TARGET_NAME)";
				TARGETED_DEVICE_FAMILY = "1,2";
			};
			name = Debug;
		};
		1158CFA521CD484F00BFA724 /* Release */ = {
			isa = XCBuildConfiguration;
			buildSettings = {
				ASSETCATALOG_COMPILER_APPICON_NAME = AppIcon;
				CODE_SIGN_STYLE = Automatic;
				INFOPLIST_FILE = Queue/Info.plist;
				LD_RUNPATH_SEARCH_PATHS = (
					"$(inherited)",
					"@executable_path/Frameworks",
				);
				PRODUCT_BUNDLE_IDENTIFIER = com.bing.Queue;
				PRODUCT_NAME = "$(TARGET_NAME)";
				TARGETED_DEVICE_FAMILY = "1,2";
			};
			name = Release;
		};
		1158CFB621CD50A700BFA724 /* Debug */ = {
			isa = XCBuildConfiguration;
			buildSettings = {
				BUNDLE_LOADER = "$(TEST_HOST)";
				CODE_SIGN_STYLE = Automatic;
				INFOPLIST_FILE = QueueTests/Info.plist;
				LD_RUNPATH_SEARCH_PATHS = (
					"$(inherited)",
					"@executable_path/Frameworks",
					"@loader_path/Frameworks",
				);
				PRODUCT_BUNDLE_IDENTIFIER = com.bing.QueueTests;
				PRODUCT_NAME = "$(TARGET_NAME)";
				TARGETED_DEVICE_FAMILY = "1,2";
				TEST_HOST = "$(BUILT_PRODUCTS_DIR)/Queue.app/Queue";
			};
			name = Debug;
		};
		1158CFB721CD50A700BFA724 /* Release */ = {
			isa = XCBuildConfiguration;
			buildSettings = {
				BUNDLE_LOADER = "$(TEST_HOST)";
				CODE_SIGN_STYLE = Automatic;
				INFOPLIST_FILE = QueueTests/Info.plist;
				LD_RUNPATH_SEARCH_PATHS = (
					"$(inherited)",
					"@executable_path/Frameworks",
					"@loader_path/Frameworks",
				);
				PRODUCT_BUNDLE_IDENTIFIER = com.bing.QueueTests;
				PRODUCT_NAME = "$(TARGET_NAME)";
				TARGETED_DEVICE_FAMILY = "1,2";
				TEST_HOST = "$(BUILT_PRODUCTS_DIR)/Queue.app/Queue";
			};
			name = Release;
		};
/* End XCBuildConfiguration section */

/* Begin XCConfigurationList section */
		1158CF8821CD484D00BFA724 /* Build configuration list for PBXProject "Queue" */ = {
			isa = XCConfigurationList;
			buildConfigurations = (
				1158CFA121CD484F00BFA724 /* Debug */,
				1158CFA221CD484F00BFA724 /* Release */,
			);
			defaultConfigurationIsVisible = 0;
			defaultConfigurationName = Release;
		};
		1158CFA321CD484F00BFA724 /* Build configuration list for PBXNativeTarget "Queue" */ = {
			isa = XCConfigurationList;
			buildConfigurations = (
				1158CFA421CD484F00BFA724 /* Debug */,
				1158CFA521CD484F00BFA724 /* Release */,
			);
			defaultConfigurationIsVisible = 0;
			defaultConfigurationName = Release;
		};
		1158CFB521CD50A700BFA724 /* Build configuration list for PBXNativeTarget "QueueTests" */ = {
			isa = XCConfigurationList;
			buildConfigurations = (
				1158CFB621CD50A700BFA724 /* Debug */,
				1158CFB721CD50A700BFA724 /* Release */,
			);
			defaultConfigurationIsVisible = 0;
			defaultConfigurationName = Release;
		};
/* End XCConfigurationList section */
	};
	rootObject = 1158CF8521CD484D00BFA724 /* Project object */;
}
